
Microsoft Visual Studio Solution File, Format Version 12.00
# Visual Studio 14
VisualStudioVersion = 14.0.25420.1
MinimumVisualStudioVersion = 10.0.40219.1
Project("{FAE04EC0-301F-11D3-BF4B-00C04F79EFBC}") = "Wpf.SampleApp", "Wpf.SampleApp\Wpf.SampleApp.csproj", "{89ED09F5-17A9-45C5-9DE7-6397F9A22DEA}"
EndProject
Global
	GlobalSection(SolutionConfigurationPlatforms) = preSolution
		Debug|Any CPU = Debug|Any CPU
		Release|Any CPU = Release|Any CPU
	EndGlobalSection
	GlobalSection(ProjectConfigurationPlatforms) = postSolution
		{89ED09F5-17A9-45C5-9DE7-6397F9A22DEA}.Debug|Any CPU.ActiveCfg = Debug|Any CPU
		{89ED09F5-17A9-45C5-9DE7-6397F9A22DEA}.Debug|Any CPU.Build.0 = Debug|Any CPU
		{89ED09F5-17A9-45C5-9DE7-6397F9A22DEA}.Release|Any CPU.ActiveCfg = Release|Any CPU
		{89ED09F5-17A9-45C5-9DE7-6397F9A22DEA}.Release|Any CPU.Build.0 = Release|Any CPU
	EndGlobalSection
	GlobalSection(SolutionProperties) = preSolution
		HideSolutionNode = FALSE
	EndGlobalSection
EndGlobal
